Microsoft Visual Studio Solution File, Format Version 12.00
# Visual Studio 15
VisualStudioVersion = 15.0.26430.13
MinimumVisualStudioVersion = 10.0.40219.1
Project("{FAE04EC0-301F-11D3-BF4B-00C04F79EFBC}") = "EasyRgbWrapper.Gui", "EasyRgbWrapper.Gui\EasyRgbWrapper.Gui.csproj", "{2D38553B-1E32-49F3-803F-41D73106F3FD}"
EndProject
Project("{FAE04EC0-301F-11D3-BF4B-00C04F79EFBC}") = "EasyRgbWrapper.Lib", "EasyRgbWrapper.Lib\EasyRgbWrapper.Lib.csproj", "{ABA0DD7D-E331-4413-BA1A-2BE701DE9844}"
EndProject
Project("{FAE04EC0-301F-11D3-BF4B-00C04F79EFBC}") = "EasyRgbWrapper.Test", "EasyRgbWrapper.Test\EasyRgbWrapper.Test.csproj", "{A4847281-2AFD-4D80-8BD3-029B81393C6B}"
EndProject
Global
	GlobalSection(SolutionConfigurationPlatforms) = preSolution
		Debug|Any CPU = Debug|Any CPU
		Release|Any CPU = Release|Any CPU
	EndGlobalSection
	GlobalSection(ProjectConfigurationPlatforms) = postSolution
		{2D38553B-1E32-49F3-803F-41D73106F3FD}.Debug|Any CPU.ActiveCfg = Debug|Any CPU
		{2D38553B-1E32-49F3-803F-41D73106F3FD}.Debug|Any CPU.Build.0 = Debug|Any CPU
		{2D38553B-1E32-49F3-803F-41D73106F3FD}.Release|Any CPU.ActiveCfg = Release|Any CPU
		{2D38553B-1E32-49F3-803F-41D73106F3FD}.Release|Any CPU.Build.0 = Release|Any CPU
		{ABA0DD7D-E331-4413-BA1A-2BE701DE9844}.Debug|Any CPU.ActiveCfg = Debug|Any CPU
		{ABA0DD7D-E331-4413-BA1A-2BE701DE9844}.Debug|Any CPU.Build.0 = Debug|Any CPU
		{ABA0DD7D-E331-4413-BA1A-2BE701DE9844}.Release|Any CPU.ActiveCfg = Release|Any CPU
		{ABA0DD7D-E331-4413-BA1A-2BE701DE9844}.Release|Any CPU.Build.0 = Release|Any CPU
		{A4847281-2AFD-4D80-8BD3-029B81393C6B}.Debug|Any CPU.ActiveCfg = Debug|Any CPU
		{A4847281-2AFD-4D80-8BD3-029B81393C6B}.Debug|Any CPU.Build.0 = Debug|Any CPU
		{A4847281-2AFD-4D80-8BD3-029B81393C6B}.Release|Any CPU.ActiveCfg = Release|Any CPU
		{A4847281-2AFD-4D80-8BD3-029B81393C6B}.Release|Any CPU.Build.0 = Release|Any CPU
	EndGlobalSection
	GlobalSection(SolutionProperties) = preSolution
		HideSolutionNode = FALSE
	EndGlobalSection
	GlobalSection(NestedProjects) = preSolution
	EndGlobalSection
EndGlobal
